// !$*UTF8*$!
{
	archiveVersion = 1;
	classes = {
	};
	objectVersion = 50;
	objects = {

/* Begin PBXBuildFile section */
		BD4EEA46230A21EE00F76A09 /* AppDelegate.swift in Sources */ = {isa = PBXBuildFile; fileRef = BD4EEA45230A21EE00F76A09 /* AppDelegate.swift */; };
		BD4EEA48230A21EE00F76A09 /* ViewController.swift in Sources */ = {isa = PBXBuildFile; fileRef = BD4EEA47230A21EE00F76A09 /* ViewController.swift */; };
		BD4EEA4B230A21EE00F76A09 /* Main.storyboard in Resources */ = {isa = PBXBuildFile; fileRef = BD4EEA49230A21EE00F76A09 /* Main.storyboard */; };
		BD4EEA4E230A21EE00F76A09 /* InterativeAnimation.xcdatamodeld in Sources */ = {isa = PBXBuildFile; fileRef = BD4EEA4C230A21EE00F76A09 /* InterativeAnimation.xcdatamodeld */; };
		BD4EEA50230A21F000F76A09 /* Assets.xcassets in Resources */ = {isa = PBXBuildFile; fileRef = BD4EEA4F230A21F000F76A09 /* Assets.xcassets */; };
		BD4EEA53230A21F000F76A09 /* LaunchScreen.storyboard in Resources */ = {isa = PBXBuildFile; fileRef = BD4EEA51230A21F000F76A09 /* LaunchScreen.storyboard */; };
		BD4EEA5E230A21F000F76A09 /* InterativeAnimationTests.swift in Sources */ = {isa = PBXBuildFile; fileRef = BD4EEA5D230A21F000F76A09 /* InterativeAnimationTests.swift */; };
/* End PBXBuildFile section */

/* Begin PBXContainerItemProxy section */
		BD4EEA5A230A21F000F76A09 /* PBXContainerItemProxy */ = {
			isa = PBXContainerItemProxy;
			containerPortal = BD4EEA3A230A21EE00F76A09 /* Project object */;
			proxyType = 1;
			remoteGlobalIDString = BD4EEA41230A21EE00F76A09;
			remoteInfo = InterativeAnimation;
		};
/* End PBXContainerItemProxy section */

/* Begin PBXFileReference section */
		BD4EEA42230A21EE00F76A09 /* InterativeAnimation.app */ = {isa = PBXFileReference; explicitFileType = wrapper.application; includeInIndex = 0; path = InterativeAnimation.app; sourceTree = BUILT_PRODUCTS_DIR; };
		BD4EEA45230A21EE00F76A09 /* AppDelegate.swift */ = {isa = PBXFileReference; lastKnownFileType = sourcecode.swift; path = AppDelegate.swift; sourceTree = "<group>"; };
		BD4EEA47230A21EE00F76A09 /* ViewController.swift */ = {isa = PBXFileReference; lastKnownFileType = sourcecode.swift; path = ViewController.swift; sourceTree = "<group>"; };
		BD4EEA4A230A21EE00F76A09 /* Base */ = {isa = PBXFileReference; lastKnownFileType = file.storyboard; name = Base; path = Base.lproj/Main.storyboard; sourceTree = "<group>"; };
		BD4EEA4D230A21EE00F76A09 /* InterativeAnimation.xcdatamodel */ = {isa = PBXFileReference; lastKnownFileType = wrapper.xcdatamodel; path = InterativeAnimation.xcdatamodel; sourceTree = "<group>"; };
		BD4EEA4F230A21F000F76A09 /* Assets.xcassets */ = {isa = PBXFileReference; lastKnownFileType = folder.assetcatalog; path = Assets.xcassets; sourceTree = "<group>"; };
		BD4EEA52230A21F000F76A09 /* Base */ = {isa = PBXFileReference; lastKnownFileType = file.storyboard; name = Base; path = Base.lproj/LaunchScreen.storyboard; sourceTree = "<group>"; };
		BD4EEA54230A21F000F76A09 /* Info.plist */ = {isa = PBXFileReference; lastKnownFileType = text.plist.xml; path = Info.plist; sourceTree = "<group>"; };
		BD4EEA59230A21F000F76A09 /* InterativeAnimationTests.xctest */ = {isa = PBXFileReference; explicitFileType = wrapper.cfbundle; includeInIndex = 0; path = InterativeAnimationTests.xctest; sourceTree = BUILT_PRODUCTS_DIR; };
		BD4EEA5D230A21F000F76A09 /* InterativeAnimationTests.swift */ = {isa = PBXFileReference; lastKnownFileType = sourcecode.swift; path = InterativeAnimationTests.swift; sourceTree = "<group>"; };
		BD4EEA5F230A21F000F76A09 /* Info.plist */ = {isa = PBXFileReference; lastKnownFileType = text.plist.xml; path = Info.plist; sourceTree = "<group>"; };
/* End PBXFileReference section */

/* Begin PBXFrameworksBuildPhase section */
		BD4EEA3F230A21EE00F76A09 /* Frameworks */ = {
			isa = PBXFrameworksBuildPhase;
			buildActionMask = 2147483647;
			files = (
			);
			runOnlyForDeploymentPostprocessing = 0;
		};
		BD4EEA56230A21F000F76A09 /* Frameworks */ = {
			isa = PBXFrameworksBuildPhase;
			buildActionMask = 2147483647;
			files = (
			);
			runOnlyForDeploymentPostprocessing = 0;
		};
/* End PBXFrameworksBuildPhase section */

/* Begin PBXGroup section */
		BD4EEA39230A21EE00F76A09 = {
			isa = PBXGroup;
			children = (
				BD4EEA44230A21EE00F76A09 /* InterativeAnimation */,
				BD4EEA5C230A21F000F76A09 /* InterativeAnimationTests */,
				BD4EEA43230A21EE00F76A09 /* Products */,
			);
			sourceTree = "<group>";
		};
		BD4EEA43230A21EE00F76A09 /* Products */ = {
			isa = PBXGroup;
			children = (
				BD4EEA42230A21EE00F76A09 /* InterativeAnimation.app */,
				BD4EEA59230A21F000F76A09 /* InterativeAnimationTests.xctest */,
			);
			name = Products;
			sourceTree = "<group>";
		};
		BD4EEA44230A21EE00F76A09 /* InterativeAnimation */ = {
			isa = PBXGroup;
			children = (
				BD4EEA45230A21EE00F76A09 /* AppDelegate.swift */,
				BD4EEA47230A21EE00F76A09 /* ViewController.swift */,
				BD4EEA49230A21EE00F76A09 /* Main.storyboard */,
				BD4EEA4F230A21F000F76A09 /* Assets.xcassets */,
				BD4EEA51230A21F000F76A09 /* LaunchScreen.storyboard */,
				BD4EEA54230A21F000F76A09 /* Info.plist */,
				BD4EEA4C230A21EE00F76A09 /* InterativeAnimation.xcdatamodeld */,
			);
			path = InterativeAnimation;
			sourceTree = "<group>";
		};
		BD4EEA5C230A21F000F76A09 /* InterativeAnimationTests */ = {
			isa = PBXGroup;
			children = (
				BD4EEA5D230A21F000F76A09 /* InterativeAnimationTests.swift */,
				BD4EEA5F230A21F000F76A09 /* Info.plist */,
			);
			path = InterativeAnimationTests;
			sourceTree = "<group>";
		};
/* End PBXGroup section */

/* Begin PBXNativeTarget section */
		BD4EEA41230A21EE00F76A09 /* InterativeAnimation */ = {
			isa = PBXNativeTarget;
			buildConfigurationList = BD4EEA62230A21F000F76A09 /* Build configuration list for PBXNativeTarget "InterativeAnimation" */;
			buildPhases = (
				BD4EEA3E230A21EE00F76A09 /* Sources */,
				BD4EEA3F230A21EE00F76A09 /* Frameworks */,
				BD4EEA40230A21EE00F76A09 /* Resources */,
			);
			buildRules = (
			);
			dependencies = (
			);
			name = InterativeAnimation;
			productName = InterativeAnimation;
			productReference = BD4EEA42230A21EE00F76A09 /* InterativeAnimation.app */;
			productType = "com.apple.product-type.application";
		};
		BD4EEA58230A21F000F76A09 /* InterativeAnimationTests */ = {
			isa = PBXNativeTarget;
			buildConfigurationList = BD4EEA65230A21F000F76A09 /* Build configuration list for PBXNativeTarget "InterativeAnimationTests" */;
			buildPhases = (
				BD4EEA55230A21F000F76A09 /* Sources */,
				BD4EEA56230A21F000F76A09 /* Frameworks */,
				BD4EEA57230A21F000F76A09 /* Resources */,
			);
			buildRules = (
			);
			dependencies = (
				BD4EEA5B230A21F000F76A09 /* PBXTargetDependency */,
			);
			name = InterativeAnimationTests;
			productName = InterativeAnimationTests;
			productReference = BD4EEA59230A21F000F76A09 /* InterativeAnimationTests.xctest */;
			productType = "com.apple.product-type.bundle.unit-test";
		};
/* End PBXNativeTarget section */

/* Begin PBXProject section */
		BD4EEA3A230A21EE00F76A09 /* Project object */ = {
			isa = PBXProject;
			attributes = {
				LastSwiftUpdateCheck = 1030;
				LastUpgradeCheck = 1030;
				ORGANIZATIONNAME = hucet;
				TargetAttributes = {
					BD4EEA41230A21EE00F76A09 = {
						CreatedOnToolsVersion = 10.3;
					};
					BD4EEA58230A21F000F76A09 = {
						CreatedOnToolsVersion = 10.3;
						TestTargetID = BD4EEA41230A21EE00F76A09;
					};
				};
			};
			buildConfigurationList = BD4EEA3D230A21EE00F76A09 /* Build configuration list for PBXProject "InterativeAnimation" */;
			compatibilityVersion = "Xcode 9.3";
			developmentRegion = en;
			hasScannedForEncodings = 0;
			knownRegions = (
				en,
				Base,
			);
			mainGroup = BD4EEA39230A21EE00F76A09;
			productRefGroup = BD4EEA43230A21EE00F76A09 /* Products */;
			projectDirPath = "";
			projectRoot = "";
			targets = (
				BD4EEA41230A21EE00F76A09 /* InterativeAnimation */,
				BD4EEA58230A21F000F76A09 /* InterativeAnimationTests */,
			);
		};
/* End PBXProject section */

/* Begin PBXResourcesBuildPhase section */
		BD4EEA40230A21EE00F76A09 /* Resources */ = {
			isa = PBXResourcesBuildPhase;
			buildActionMask = 2147483647;
			files = (
				BD4EEA53230A21F000F76A09 /* LaunchScreen.storyboard in Resources */,
				BD4EEA50230A21F000F76A09 /* Assets.xcassets in Resources */,
				BD4EEA4B230A21EE00F76A09 /* Main.storyboard in Resources */,
			);
			runOnlyForDeploymentPostprocessing = 0;
		};
		BD4EEA57230A21F000F76A09 /* Resources */ = {
			isa = PBXResourcesBuildPhase;
			buildActionMask = 2147483647;
			files = (
			);
			runOnlyForDeploymentPostprocessing = 0;
		};
/* End PBXResourcesBuildPhase section */

/* Begin PBXSourcesBuildPhase section */
		BD4EEA3E230A21EE00F76A09 /* Sources */ = {
			isa = PBXSourcesBuildPhase;
			buildActionMask = 2147483647;
			files = (
				BD4EEA48230A21EE00F76A09 /* ViewController.swift in Sources */,
				BD4EEA4E230A21EE00F76A09 /* InterativeAnimation.xcdatamodeld in Sources */,
				BD4EEA46230A21EE00F76A09 /* AppDelegate.swift in Sources */,
			);
			runOnlyForDeploymentPostprocessing = 0;
		};
		BD4EEA55230A21F000F76A09 /* Sources */ = {
			isa = PBXSourcesBuildPhase;
			buildActionMask = 2147483647;
			files = (
				BD4EEA5E230A21F000F76A09 /* InterativeAnimationTests.swift in Sources */,
			);
			runOnlyForDeploymentPostprocessing = 0;
		};
/* End PBXSourcesBuildPhase section */

/* Begin PBXTargetDependency section */
		BD4EEA5B230A21F000F76A09 /* PBXTargetDependency */ = {
			isa = PBXTargetDependency;
			target = BD4EEA41230A21EE00F76A09 /* InterativeAnimation */;
			targetProxy = BD4EEA5A230A21F000F76A09 /* PBXContainerItemProxy */;
		};
/* End PBXTargetDependency section */

/* Begin PBXVariantGroup section */
		BD4EEA49230A21EE00F76A09 /* Main.storyboard */ = {
			isa = PBXVariantGroup;
			children = (
				BD4EEA4A230A21EE00F76A09 /* Base */,
			);
			name = Main.storyboard;
			sourceTree = "<group>";
		};
		BD4EEA51230A21F000F76A09 /* LaunchScreen.storyboard */ = {
			isa = PBXVariantGroup;
			children = (
				BD4EEA52230A21F000F76A09 /* Base */,
			);
			name = LaunchScreen.storyboard;
			sourceTree = "<group>";
		};
/* End PBXVariantGroup section */

/* Begin XCBuildConfiguration section */
		BD4EEA60230A21F000F76A09 /* Debug */ = {
			isa = XCBuildConfiguration;
			buildSettings = {
				ALWAYS_SEARCH_USER_PATHS = NO;
				CLANG_ANALYZER_NONNULL = YES;
				CLANG_ANALYZER_NUMBER_OBJECT_CONVERSION = YES_AGGRESSIVE;
				CLANG_CXX_LANGUAGE_STANDARD = "gnu++14";
				CLANG_CXX_LIBRARY = "libc++";
				CLANG_ENABLE_MODULES = YES;
				CLANG_ENABLE_OBJC_ARC = YES;
				CLANG_ENABLE_OBJC_WEAK = YES;
				CLANG_WARN_BLOCK_CAPTURE_AUTORELEASING = YES;
				CLANG_WARN_BOOL_CONVERSION = YES;
				CLANG_WARN_COMMA = YES;
				CLANG_WARN_CONSTANT_CONVERSION = YES;
				CLANG_WARN_DEPRECATED_OBJC_IMPLEMENTATIONS = YES;
				CLANG_WARN_DIRECT_OBJC_ISA_USAGE = YES_ERROR;
				CLANG_WARN_DOCUMENTATION_COMMENTS = YES;
				CLANG_WARN_EMPTY_BODY = YES;
				CLANG_WARN_ENUM_CONVERSION = YES;
				CLANG_WARN_INFINITE_RECURSION = YES;
				CLANG_WARN_INT_CONVERSION = YES;
				CLANG_WARN_NON_LITERAL_NULL_CONVERSION = YES;
				CLANG_WARN_OBJC_IMPLICIT_RETAIN_SELF = YES;
				CLANG_WARN_OBJC_LITERAL_CONVERSION = YES;
				CLANG_WARN_OBJC_ROOT_CLASS = YES_ERROR;
				CLANG_WARN_RANGE_LOOP_ANALYSIS = YES;
				CLANG_WARN_STRICT_PROTOTYPES = YES;
				CLANG_WARN_SUSPICIOUS_MOVE = YES;
				CLANG_WARN_UNGUARDED_AVAILABILITY = YES_AGGRESSIVE;
				CLANG_WARN_UNREACHABLE_CODE = YES;
				CLANG_WARN__DUPLICATE_METHOD_MATCH = YES;
				CODE_SIGN_IDENTITY = "iPhone Developer";
				COPY_PHASE_STRIP = NO;
				DEBUG_INFORMATION_FORMAT = dwarf;
				ENABLE_STRICT_OBJC_MSGSEND = YES;
				ENABLE_TESTABILITY = YES;
				GCC_C_LANGUAGE_STANDARD = gnu11;
				GCC_DYNAMIC_NO_PIC = NO;
				GCC_NO_COMMON_BLOCKS = YES;
				GCC_OPTIMIZATION_LEVEL = 0;
				GCC_PREPROCESSOR_DEFINITIONS = (
					"DEBUG=1",
					"$(inherited)",
				);
				GCC_WARN_64_TO_32_BIT_CONVERSION = YES;
				GCC_WARN_ABOUT_RETURN_TYPE = YES_ERROR;
				GCC_WARN_UNDECLARED_SELECTOR = YES;
				GCC_WARN_UNINITIALIZED_AUTOS = YES_AGGRESSIVE;
				GCC_WARN_UNUSED_FUNCTION = YES;
				GCC_WARN_UNUSED_VARIABLE = YES;
				IPHONEOS_DEPLOYMENT_TARGET = 12.4;
				MTL_ENABLE_DEBUG_INFO = INCLUDE_SOURCE;
				MTL_FAST_MATH = YES;
				ONLY_ACTIVE_ARCH = YES;
				SDKROOT = iphoneos;
				SWIFT_ACTIVE_COMPILATION_CONDITIONS = DEBUG;
				SWIFT_OPTIMIZATION_LEVEL = "-Onone";
			};
			name = Debug;
		};
		BD4EEA61230A21F000F76A09 /* Release */ = {
			isa = XCBuildConfiguration;
			buildSettings = {
				ALWAYS_SEARCH_USER_PATHS = NO;
				CLANG_ANALYZER_NONNULL = YES;
				CLANG_ANALYZER_NUMBER_OBJECT_CONVERSION = YES_AGGRESSIVE;
				CLANG_CXX_LANGUAGE_STANDARD = "gnu++14";
				CLANG_CXX_LIBRARY = "libc++";
				CLANG_ENABLE_MODULES = YES;
				CLANG_ENABLE_OBJC_ARC = YES;
				CLANG_ENABLE_OBJC_WEAK = YES;
				CLANG_WARN_BLOCK_CAPTURE_AUTORELEASING = YES;
				CLANG_WARN_BOOL_CONVERSION = YES;
				CLANG_WARN_COMMA = YES;
				CLANG_WARN_CONSTANT_CONVERSION = YES;
				CLANG_WARN_DEPRECATED_OBJC_IMPLEMENTATIONS = YES;
				CLANG_WARN_DIRECT_OBJC_ISA_USAGE = YES_ERROR;
				CLANG_WARN_DOCUMENTATION_COMMENTS = YES;
				CLANG_WARN_EMPTY_BODY = YES;
				CLANG_WARN_ENUM_CONVERSION = YES;
				CLANG_WARN_INFINITE_RECURSION = YES;
				CLANG_WARN_INT_CONVERSION = YES;
				CLANG_WARN_NON_LITERAL_NULL_CONVERSION = YES;
				CLANG_WARN_OBJC_IMPLICIT_RETAIN_SELF = YES;
				CLANG_WARN_OBJC_LITERAL_CONVERSION = YES;
				CLANG_WARN_OBJC_ROOT_CLASS = YES_ERROR;
				CLANG_WARN_RANGE_LOOP_ANALYSIS = YES;
				CLANG_WARN_STRICT_PROTOTYPES = YES;
				CLANG_WARN_SUSPICIOUS_MOVE = YES;
				CLANG_WARN_UNGUARDED_AVAILABILITY = YES_AGGRESSIVE;
				CLANG_WARN_UNREACHABLE_CODE = YES;
				CLANG_WARN__DUPLICATE_METHOD_MATCH = YES;
				CODE_SIGN_IDENTITY = "iPhone Developer";
				COPY_PHASE_STRIP = NO;
				DEBUG_INFORMATION_FORMAT = "dwarf-with-dsym";
				ENABLE_NS_ASSERTIONS = NO;
				ENABLE_STRICT_OBJC_MSGSEND = YES;
				GCC_C_LANGUAGE_STANDARD = gnu11;
				GCC_NO_COMMON_BLOCKS = YES;
				GCC_WARN_64_TO_32_BIT_CONVERSION = YES;
				GCC_WARN_ABOUT_RETURN_TYPE = YES_ERROR;
				GCC_WARN_UNDECLARED_SELECTOR = YES;
				GCC_WARN_UNINITIALIZED_AUTOS = YES_AGGRESSIVE;
				GCC_WARN_UNUSED_FUNCTION = YES;
				GCC_WARN_UNUSED_VARIABLE = YES;
				IPHONEOS_DEPLOYMENT_TARGET = 12.4;
				MTL_ENABLE_DEBUG_INFO = NO;
				MTL_FAST_MATH = YES;
				SDKROOT = iphoneos;
				SWIFT_COMPILATION_MODE = wholemodule;
				SWIFT_OPTIMIZATION_LEVEL = "-O";
				VALIDATE_PRODUCT = YES;
			};
			name = Release;
		};
		BD4EEA63230A21F000F76A09 /* Debug */ = {
			isa = XCBuildConfiguration;
			buildSettings = {
				ASSETCATALOG_COMPILER_APPICON_NAME = AppIcon;
				CODE_SIGN_STYLE = Automatic;
				DEVELOPMENT_TEAM = 576T8HK6X4;
				INFOPLIST_FILE = InterativeAnimation/Info.plist;
				LD_RUNPATH_SEARCH_PATHS = (
					"$(inherited)",
					"@executable_path/Frameworks",
				);
				PRODUCT_BUNDLE_IDENTIFIER = com.hucet.InterativeAnimation.InterativeAnimation;
				PRODUCT_NAME = "$(TARGET_NAME)";
				SWIFT_VERSION = 5.0;
				TARGETED_DEVICE_FAMILY = "1,2";
			};
			name = Debug;
		};
		BD4EEA64230A21F000F76A09 /* Release */ = {
			isa = XCBuildConfiguration;
			buildSettings = {
				ASSETCATALOG_COMPILER_APPICON_NAME = AppIcon;
				CODE_SIGN_STYLE = Automatic;
				DEVELOPMENT_TEAM = 576T8HK6X4;
				INFOPLIST_FILE = InterativeAnimation/Info.plist;
				LD_RUNPATH_SEARCH_PATHS = (
					"$(inherited)",
					"@executable_path/Frameworks",
				);
				PRODUCT_BUNDLE_IDENTIFIER = com.hucet.InterativeAnimation.InterativeAnimation;
				PRODUCT_NAME = "$(TARGET_NAME)";
				SWIFT_VERSION = 5.0;
				TARGETED_DEVICE_FAMILY = "1,2";
			};
			name = Release;
		};
		BD4EEA66230A21F000F76A09 /* Debug */ = {
			isa = XCBuildConfiguration;
			buildSettings = {
				ALWAYS_EMBED_SWIFT_STANDARD_LIBRARIES = YES;
				BUNDLE_LOADER = "$(TEST_HOST)";
				CODE_SIGN_STYLE = Automatic;
				DEVELOPMENT_TEAM = 576T8HK6X4;
				INFOPLIST_FILE = InterativeAnimationTests/Info.plist;
				LD_RUNPATH_SEARCH_PATHS = (
					"$(inherited)",
					"@executable_path/Frameworks",
					"@loader_path/Frameworks",
				);
				PRODUCT_BUNDLE_IDENTIFIER = com.hucet.InterativeAnimation.InterativeAnimationTests;
				PRODUCT_NAME = "$(TARGET_NAME)";
				SWIFT_VERSION = 5.0;
				TARGETED_DEVICE_FAMILY = "1,2";
				TEST_HOST = "$(BUILT_PRODUCTS_DIR)/InterativeAnimation.app/InterativeAnimation";
			};
			name = Debug;
		};
		BD4EEA67230A21F000F76A09 /* Release */ = {
			isa = XCBuildConfiguration;
			buildSettings = {
				ALWAYS_EMBED_SWIFT_STANDARD_LIBRARIES = YES;
				BUNDLE_LOADER = "$(TEST_HOST)";
				CODE_SIGN_STYLE = Automatic;
				DEVELOPMENT_TEAM = 576T8HK6X4;
				INFOPLIST_FILE = InterativeAnimationTests/Info.plist;
				LD_RUNPATH_SEARCH_PATHS = (
					"$(inherited)",
					"@executable_path/Frameworks",
					"@loader_path/Frameworks",
				);
				PRODUCT_BUNDLE_IDENTIFIER = com.hucet.InterativeAnimation.InterativeAnimationTests;
				PRODUCT_NAME = "$(TARGET_NAME)";
				SWIFT_VERSION = 5.0;
				TARGETED_DEVICE_FAMILY = "1,2";
				TEST_HOST = "$(BUILT_PRODUCTS_DIR)/InterativeAnimation.app/InterativeAnimation";
			};
			name = Release;
		};
/* End XCBuildConfiguration section */

/* Begin XCConfigurationList section */
		BD4EEA3D230A21EE00F76A09 /* Build configuration list for PBXProject "InterativeAnimation" */ = {
			isa = XCConfigurationList;
			buildConfigurations = (
				BD4EEA60230A21F000F76A09 /* Debug */,
				BD4EEA61230A21F000F76A09 /* Release */,
			);
			defaultConfigurationIsVisible = 0;
			defaultConfigurationName = Release;
		};
		BD4EEA62230A21F000F76A09 /* Build configuration list for PBXNativeTarget "InterativeAnimation" */ = {
			isa = XCConfigurationList;
			buildConfigurations = (
				BD4EEA63230A21F000F76A09 /* Debug */,
				BD4EEA64230A21F000F76A09 /* Release */,
			);
			defaultConfigurationIsVisible = 0;
			defaultConfigurationName = Release;
		};
		BD4EEA65230A21F000F76A09 /* Build configuration list for PBXNativeTarget "InterativeAnimationTests" */ = {
			isa = XCConfigurationList;
			buildConfigurations = (
				BD4EEA66230A21F000F76A09 /* Debug */,
				BD4EEA67230A21F000F76A09 /* Release */,
			);
			defaultConfigurationIsVisible = 0;
			defaultConfigurationName = Release;
		};
/* End XCConfigurationList section */

/* Begin XCVersionGroup section */
		BD4EEA4C230A21EE00F76A09 /* InterativeAnimation.xcdatamodeld */ = {
			isa = XCVersionGroup;
			children = (
				BD4EEA4D230A21EE00F76A09 /* InterativeAnimation.xcdatamodel */,
			);
			currentVersion = BD4EEA4D230A21EE00F76A09 /* InterativeAnimation.xcdatamodel */;
			path = InterativeAnimation.xcdatamodeld;
			sourceTree = "<group>";
			versionGroupType = wrapper.xcdatamodel;
		};
/* End XCVersionGroup section */
	};
	rootObject = BD4EEA3A230A21EE00F76A09 /* Project object */;
}
